
Microsoft Visual Studio Solution File, Format Version 12.00
# Visual Studio Version 16
VisualStudioVersion = 16.0.31424.327
MinimumVisualStudioVersion = 10.0.40219.1
Project("{FAE04EC0-301F-11D3-BF4B-00C04F79EFBC}") = "netcore-webview-test", "netcore-webview-test\netcore-webview-test.csproj", "{6472662A-F0A5-4C5D-9CB0-DA730934CA8E}"
EndProject
Project("{9A19103F-16F7-4668-BE54-9A1E7A4F7556}") = "ws-test", "ws-test\ws-test.csproj", "{D34E98DD-3044-4660-836C-C745BDB39029}"
EndProject
Global
	GlobalSection(SolutionConfigurationPlatforms) = preSolution
		Debug|Any CPU = Debug|Any CPU
		Release|Any CPU = Release|Any CPU
	EndGlobalSection
	GlobalSection(ProjectConfigurationPlatforms) = postSolution
		{6472662A-F0A5-4C5D-9CB0-DA730934CA8E}.Debug|Any CPU.ActiveCfg = Debug|Any CPU
		{6472662A-F0A5-4C5D-9CB0-DA730934CA8E}.Debug|Any CPU.Build.0 = Debug|Any CPU
		{6472662A-F0A5-4C5D-9CB0-DA730934CA8E}.Release|Any CPU.ActiveCfg = Release|Any CPU
		{6472662A-F0A5-4C5D-9CB0-DA730934CA8E}.Release|Any CPU.Build.0 = Release|Any CPU
		{D34E98DD-3044-4660-836C-C745BDB39029}.Debug|Any CPU.ActiveCfg = Debug|Any CPU
		{D34E98DD-3044-4660-836C-C745BDB39029}.Debug|Any CPU.Build.0 = Debug|Any CPU
		{D34E98DD-3044-4660-836C-C745BDB39029}.Release|Any CPU.ActiveCfg = Release|Any CPU
		{D34E98DD-3044-4660-836C-C745BDB39029}.Release|Any CPU.Build.0 = Release|Any CPU
	EndGlobalSection
	GlobalSection(SolutionProperties) = preSolution
		HideSolutionNode = FALSE
	EndGlobalSection
	GlobalSection(ExtensibilityGlobals) = postSolution
		SolutionGuid = {354643E5-30EF-4F30-8215-B8362CEAB893}
	EndGlobalSection
EndGlobal
